
Microsoft Visual Studio Solution File, Format Version 12.00
# Visual Studio Version 17
VisualStudioVersion = 17.8.34330.188
MinimumVisualStudioVersion = 10.0.40219.1
Project("{FAE04EC0-301F-11D3-BF4B-00C04F79EFBC}") = "TheGenomeBrowser", "TheGenomeBrowser\TheGenomeBrowser.csproj", "{005296A4-BCFB-4494-AF14-C6CD860BB78F}"
EndProject
Global
	GlobalSection(SolutionConfigurationPlatforms) = preSolution
		Debug|Any CPU = Debug|Any CPU
		Release|Any CPU = Release|Any CPU
	EndGlobalSection
	GlobalSection(ProjectConfigurationPlatforms) = postSolution
		{005296A4-BCFB-4494-AF14-C6CD860BB78F}.Debug|Any CPU.ActiveCfg = Debug|Any CPU
		{005296A4-BCFB-4494-AF14-C6CD860BB78F}.Debug|Any CPU.Build.0 = Debug|Any CPU
		{005296A4-BCFB-4494-AF14-C6CD860BB78F}.Release|Any CPU.ActiveCfg = Release|Any CPU
		{005296A4-BCFB-4494-AF14-C6CD860BB78F}.Release|Any CPU.Build.0 = Release|Any CPU
	EndGlobalSection
	GlobalSection(SolutionProperties) = preSolution
		HideSolutionNode = FALSE
	EndGlobalSection
	GlobalSection(ExtensibilityGlobals) = postSolution
		SolutionGuid = {77C43BA5-3778-42C4-84F3-F13FE5FABEEE}
	EndGlobalSection
EndGlobal
